// !$*UTF8*$!
{
	archiveVersion = 1;
	classes = {
	};
	objectVersion = 56;
	objects = {

/* Begin PBXBuildFile section */
		790F6CD72A5191210088DFD5 /* AppDelegate.swift in Sources */ = {isa = PBXBuildFile; fileRef = 790F6CD62A5191210088DFD5 /* AppDelegate.swift */; };
		790F6CD92A5191210088DFD5 /* SceneDelegate.swift in Sources */ = {isa = PBXBuildFile; fileRef = 790F6CD82A5191210088DFD5 /* SceneDelegate.swift */; };
		790F6CDB2A5191210088DFD5 /* MyViewController.swift in Sources */ = {isa = PBXBuildFile; fileRef = 790F6CDA2A5191210088DFD5 /* MyViewController.swift */; };
		790F6CDE2A5191210088DFD5 /* Main.storyboard in Resources */ = {isa = PBXBuildFile; fileRef = 790F6CDC2A5191210088DFD5 /* Main.storyboard */; };
		790F6CE02A5191230088DFD5 /* Assets.xcassets in Resources */ = {isa = PBXBuildFile; fileRef = 790F6CDF2A5191230088DFD5 /* Assets.xcassets */; };
		790F6CE32A5191230088DFD5 /* LaunchScreen.storyboard in Resources */ = {isa = PBXBuildFile; fileRef = 790F6CE12A5191230088DFD5 /* LaunchScreen.storyboard */; };
		790F6CEB2A5195320088DFD5 /* Coordinator.swift in Sources */ = {isa = PBXBuildFile; fileRef = 790F6CEA2A5195320088DFD5 /* Coordinator.swift */; };
		790F6CED2A5195FB0088DFD5 /* Storyboarded.swift in Sources */ = {isa = PBXBuildFile; fileRef = 790F6CEC2A5195FB0088DFD5 /* Storyboarded.swift */; };
		790F6CEF2A5196510088DFD5 /* MainCoordinator.swift in Sources */ = {isa = PBXBuildFile; fileRef = 790F6CEE2A5196510088DFD5 /* MainCoordinator.swift */; };
		790F6CF12A52D0630088DFD5 /* BuyViewController.swift in Sources */ = {isa = PBXBuildFile; fileRef = 790F6CF02A52D0630088DFD5 /* BuyViewController.swift */; };
		790F6CF32A52D0720088DFD5 /* CreateViewController.swift in Sources */ = {isa = PBXBuildFile; fileRef = 790F6CF22A52D0720088DFD5 /* CreateViewController.swift */; };
/* End PBXBuildFile section */

/* Begin PBXFileReference section */
		790F6CD32A5191210088DFD5 /* AuthenificatorApp.app */ = {isa = PBXFileReference; explicitFileType = wrapper.application; includeInIndex = 0; path = AuthenificatorApp.app; sourceTree = BUILT_PRODUCTS_DIR; };
		790F6CD62A5191210088DFD5 /* AppDelegate.swift */ = {isa = PBXFileReference; lastKnownFileType = sourcecode.swift; path = AppDelegate.swift; sourceTree = "<group>"; };
		790F6CD82A5191210088DFD5 /* SceneDelegate.swift */ = {isa = PBXFileReference; lastKnownFileType = sourcecode.swift; path = SceneDelegate.swift; sourceTree = "<group>"; };
		790F6CDA2A5191210088DFD5 /* MyViewController.swift */ = {isa = PBXFileReference; lastKnownFileType = sourcecode.swift; path = MyViewController.swift; sourceTree = "<group>"; };
		790F6CDD2A5191210088DFD5 /* Base */ = {isa = PBXFileReference; lastKnownFileType = file.storyboard; name = Base; path = Base.lproj/Main.storyboard; sourceTree = "<group>"; };
		790F6CDF2A5191230088DFD5 /* Assets.xcassets */ = {isa = PBXFileReference; lastKnownFileType = folder.assetcatalog; path = Assets.xcassets; sourceTree = "<group>"; };
		790F6CE22A5191230088DFD5 /* Base */ = {isa = PBXFileReference; lastKnownFileType = file.storyboard; name = Base; path = Base.lproj/LaunchScreen.storyboard; sourceTree = "<group>"; };
		790F6CE42A5191230088DFD5 /* Info.plist */ = {isa = PBXFileReference; lastKnownFileType = text.plist.xml; path = Info.plist; sourceTree = "<group>"; };
		790F6CEA2A5195320088DFD5 /* Coordinator.swift */ = {isa = PBXFileReference; lastKnownFileType = sourcecode.swift; path = Coordinator.swift; sourceTree = "<group>"; };
		790F6CEC2A5195FB0088DFD5 /* Storyboarded.swift */ = {isa = PBXFileReference; lastKnownFileType = sourcecode.swift; path = Storyboarded.swift; sourceTree = "<group>"; };
		790F6CEE2A5196510088DFD5 /* MainCoordinator.swift */ = {isa = PBXFileReference; lastKnownFileType = sourcecode.swift; path = MainCoordinator.swift; sourceTree = "<group>"; };
		790F6CF02A52D0630088DFD5 /* BuyViewController.swift */ = {isa = PBXFileReference; lastKnownFileType = sourcecode.swift; path = BuyViewController.swift; sourceTree = "<group>"; };
		790F6CF22A52D0720088DFD5 /* CreateViewController.swift */ = {isa = PBXFileReference; lastKnownFileType = sourcecode.swift; path = CreateViewController.swift; sourceTree = "<group>"; };
/* End PBXFileReference section */

/* Begin PBXFrameworksBuildPhase section */
		790F6CD02A5191210088DFD5 /* Frameworks */ = {
			isa = PBXFrameworksBuildPhase;
			buildActionMask = 2147483647;
			files = (
			);
			runOnlyForDeploymentPostprocessing = 0;
		};
/* End PBXFrameworksBuildPhase section */

/* Begin PBXGroup section */
		790F6CCA2A5191210088DFD5 = {
			isa = PBXGroup;
			children = (
				790F6CD52A5191210088DFD5 /* AuthenificatorApp */,
				790F6CD42A5191210088DFD5 /* Products */,
			);
			sourceTree = "<group>";
		};
		790F6CD42A5191210088DFD5 /* Products */ = {
			isa = PBXGroup;
			children = (
				790F6CD32A5191210088DFD5 /* AuthenificatorApp.app */,
			);
			name = Products;
			sourceTree = "<group>";
		};
		790F6CD52A5191210088DFD5 /* AuthenificatorApp */ = {
			isa = PBXGroup;
			children = (
				79893DF62A52F8BB00D87895 /* App's Lifecycle */,
				79893DF52A52F8AC00D87895 /* VCs */,
				79893DF82A52F8EF00D87895 /* Coordinator's */,
				79893DF72A52F8DE00D87895 /* Utilites */,
				790F6CDC2A5191210088DFD5 /* Main.storyboard */,
				790F6CDF2A5191230088DFD5 /* Assets.xcassets */,
				790F6CE12A5191230088DFD5 /* LaunchScreen.storyboard */,
				790F6CE42A5191230088DFD5 /* Info.plist */,
			);
			path = AuthenificatorApp;
			sourceTree = "<group>";
		};
		79893DF52A52F8AC00D87895 /* VCs */ = {
			isa = PBXGroup;
			children = (
				790F6CDA2A5191210088DFD5 /* MyViewController.swift */,
				790F6CF02A52D0630088DFD5 /* BuyViewController.swift */,
				790F6CF22A52D0720088DFD5 /* CreateViewController.swift */,
			);
			path = VCs;
			sourceTree = "<group>";
		};
		79893DF62A52F8BB00D87895 /* App's Lifecycle */ = {
			isa = PBXGroup;
			children = (
				790F6CD62A5191210088DFD5 /* AppDelegate.swift */,
				790F6CD82A5191210088DFD5 /* SceneDelegate.swift */,
			);
			path = "App's Lifecycle";
			sourceTree = "<group>";
		};
		79893DF72A52F8DE00D87895 /* Utilites */ = {
			isa = PBXGroup;
			children = (
				790F6CEC2A5195FB0088DFD5 /* Storyboarded.swift */,
			);
			path = Utilites;
			sourceTree = "<group>";
		};
		79893DF82A52F8EF00D87895 /* Coordinator's */ = {
			isa = PBXGroup;
			children = (
				790F6CEE2A5196510088DFD5 /* MainCoordinator.swift */,
				790F6CEA2A5195320088DFD5 /* Coordinator.swift */,
			);
			path = "Coordinator's";
			sourceTree = "<group>";
		};
/* End PBXGroup section */

/* Begin PBXNativeTarget section */
		790F6CD22A5191210088DFD5 /* AuthenificatorApp */ = {
			isa = PBXNativeTarget;
			buildConfigurationList = 790F6CE72A5191230088DFD5 /* Build configuration list for PBXNativeTarget "AuthenificatorApp" */;
			buildPhases = (
				790F6CCF2A5191210088DFD5 /* Sources */,
				790F6CD02A5191210088DFD5 /* Frameworks */,
				790F6CD12A5191210088DFD5 /* Resources */,
			);
			buildRules = (
			);
			dependencies = (
			);
			name = AuthenificatorApp;
			productName = AuthenificatorApp;
			productReference = 790F6CD32A5191210088DFD5 /* AuthenificatorApp.app */;
			productType = "com.apple.product-type.application";
		};
/* End PBXNativeTarget section */

/* Begin PBXProject section */
		790F6CCB2A5191210088DFD5 /* Project object */ = {
			isa = PBXProject;
			attributes = {
				BuildIndependentTargetsInParallel = 1;
				LastSwiftUpdateCheck = 1430;
				LastUpgradeCheck = 1430;
				TargetAttributes = {
					790F6CD22A5191210088DFD5 = {
						CreatedOnToolsVersion = 14.3.1;
					};
				};
			};
			buildConfigurationList = 790F6CCE2A5191210088DFD5 /* Build configuration list for PBXProject "AuthenificatorApp" */;
			compatibilityVersion = "Xcode 14.0";
			developmentRegion = en;
			hasScannedForEncodings = 0;
			knownRegions = (
				en,
				Base,
			);
			mainGroup = 790F6CCA2A5191210088DFD5;
			productRefGroup = 790F6CD42A5191210088DFD5 /* Products */;
			projectDirPath = "";
			projectRoot = "";
			targets = (
				790F6CD22A5191210088DFD5 /* AuthenificatorApp */,
			);
		};
/* End PBXProject section */

/* Begin PBXResourcesBuildPhase section */
		790F6CD12A5191210088DFD5 /* Resources */ = {
			isa = PBXResourcesBuildPhase;
			buildActionMask = 2147483647;
			files = (
				790F6CE32A5191230088DFD5 /* LaunchScreen.storyboard in Resources */,
				790F6CE02A5191230088DFD5 /* Assets.xcassets in Resources */,
				790F6CDE2A5191210088DFD5 /* Main.storyboard in Resources */,
			);
			runOnlyForDeploymentPostprocessing = 0;
		};
/* End PBXResourcesBuildPhase section */

/* Begin PBXSourcesBuildPhase section */
		790F6CCF2A5191210088DFD5 /* Sources */ = {
			isa = PBXSourcesBuildPhase;
			buildActionMask = 2147483647;
			files = (
				790F6CF32A52D0720088DFD5 /* CreateViewController.swift in Sources */,
				790F6CEB2A5195320088DFD5 /* Coordinator.swift in Sources */,
				790F6CEF2A5196510088DFD5 /* MainCoordinator.swift in Sources */,
				790F6CDB2A5191210088DFD5 /* MyViewController.swift in Sources */,
				790F6CED2A5195FB0088DFD5 /* Storyboarded.swift in Sources */,
				790F6CD72A5191210088DFD5 /* AppDelegate.swift in Sources */,
				790F6CF12A52D0630088DFD5 /* BuyViewController.swift in Sources */,
				790F6CD92A5191210088DFD5 /* SceneDelegate.swift in Sources */,
			);
			runOnlyForDeploymentPostprocessing = 0;
		};
/* End PBXSourcesBuildPhase section */

/* Begin PBXVariantGroup section */
		790F6CDC2A5191210088DFD5 /* Main.storyboard */ = {
			isa = PBXVariantGroup;
			children = (
				790F6CDD2A5191210088DFD5 /* Base */,
			);
			name = Main.storyboard;
			sourceTree = "<group>";
		};
		790F6CE12A5191230088DFD5 /* LaunchScreen.storyboard */ = {
			isa = PBXVariantGroup;
			children = (
				790F6CE22A5191230088DFD5 /* Base */,
			);
			name = LaunchScreen.storyboard;
			sourceTree = "<group>";
		};
/* End PBXVariantGroup section */

/* Begin XCBuildConfiguration section */
		790F6CE52A5191230088DFD5 /* Debug */ = {
			isa = XCBuildConfiguration;
			buildSettings = {
				ALWAYS_SEARCH_USER_PATHS = NO;
				CLANG_ANALYZER_NONNULL = YES;
				CLANG_ANALYZER_NUMBER_OBJECT_CONVERSION = YES_AGGRESSIVE;
				CLANG_CXX_LANGUAGE_STANDARD = "gnu++20";
				CLANG_ENABLE_MODULES = YES;
				CLANG_ENABLE_OBJC_ARC = YES;
				CLANG_ENABLE_OBJC_WEAK = YES;
				CLANG_WARN_BLOCK_CAPTURE_AUTORELEASING = YES;
				CLANG_WARN_BOOL_CONVERSION = YES;
				CLANG_WARN_COMMA = YES;
				CLANG_WARN_CONSTANT_CONVERSION = YES;
				CLANG_WARN_DEPRECATED_OBJC_IMPLEMENTATIONS = YES;
				CLANG_WARN_DIRECT_OBJC_ISA_USAGE = YES_ERROR;
				CLANG_WARN_DOCUMENTATION_COMMENTS = YES;
				CLANG_WARN_EMPTY_BODY = YES;
				CLANG_WARN_ENUM_CONVERSION = YES;
				CLANG_WARN_INFINITE_RECURSION = YES;
				CLANG_WARN_INT_CONVERSION = YES;
				CLANG_WARN_NON_LITERAL_NULL_CONVERSION = YES;
				CLANG_WARN_OBJC_IMPLICIT_RETAIN_SELF = YES;
				CLANG_WARN_OBJC_LITERAL_CONVERSION = YES;
				CLANG_WARN_OBJC_ROOT_CLASS = YES_ERROR;
				CLANG_WARN_QUOTED_INCLUDE_IN_FRAMEWORK_HEADER = YES;
				CLANG_WARN_RANGE_LOOP_ANALYSIS = YES;
				CLANG_WARN_STRICT_PROTOTYPES = YES;
				CLANG_WARN_SUSPICIOUS_MOVE = YES;
				CLANG_WARN_UNGUARDED_AVAILABILITY = YES_AGGRESSIVE;
				CLANG_WARN_UNREACHABLE_CODE = YES;
				CLANG_WARN__DUPLICATE_METHOD_MATCH = YES;
				COPY_PHASE_STRIP = NO;
				DEBUG_INFORMATION_FORMAT = dwarf;
				ENABLE_STRICT_OBJC_MSGSEND = YES;
				ENABLE_TESTABILITY = YES;
				GCC_C_LANGUAGE_STANDARD = gnu11;
				GCC_DYNAMIC_NO_PIC = NO;
				GCC_NO_COMMON_BLOCKS = YES;
				GCC_OPTIMIZATION_LEVEL = 0;
				GCC_PREPROCESSOR_DEFINITIONS = (
					"DEBUG=1",
					"$(inherited)",
				);
				GCC_WARN_64_TO_32_BIT_CONVERSION = YES;
				GCC_WARN_ABOUT_RETURN_TYPE = YES_ERROR;
				GCC_WARN_UNDECLARED_SELECTOR = YES;
				GCC_WARN_UNINITIALIZED_AUTOS = YES_AGGRESSIVE;
				GCC_WARN_UNUSED_FUNCTION = YES;
				GCC_WARN_UNUSED_VARIABLE = YES;
				IPHONEOS_DEPLOYMENT_TARGET = 16.4;
				MTL_ENABLE_DEBUG_INFO = INCLUDE_SOURCE;
				MTL_FAST_MATH = YES;
				ONLY_ACTIVE_ARCH = YES;
				SDKROOT = iphoneos;
				SWIFT_ACTIVE_COMPILATION_CONDITIONS = DEBUG;
				SWIFT_OPTIMIZATION_LEVEL = "-Onone";
			};
			name = Debug;
		};
		790F6CE62A5191230088DFD5 /* Release */ = {
			isa = XCBuildConfiguration;
			buildSettings = {
				ALWAYS_SEARCH_USER_PATHS = NO;
				CLANG_ANALYZER_NONNULL = YES;
				CLANG_ANALYZER_NUMBER_OBJECT_CONVERSION = YES_AGGRESSIVE;
				CLANG_CXX_LANGUAGE_STANDARD = "gnu++20";
				CLANG_ENABLE_MODULES = YES;
				CLANG_ENABLE_OBJC_ARC = YES;
				CLANG_ENABLE_OBJC_WEAK = YES;
				CLANG_WARN_BLOCK_CAPTURE_AUTORELEASING = YES;
				CLANG_WARN_BOOL_CONVERSION = YES;
				CLANG_WARN_COMMA = YES;
				CLANG_WARN_CONSTANT_CONVERSION = YES;
				CLANG_WARN_DEPRECATED_OBJC_IMPLEMENTATIONS = YES;
				CLANG_WARN_DIRECT_OBJC_ISA_USAGE = YES_ERROR;
				CLANG_WARN_DOCUMENTATION_COMMENTS = YES;
				CLANG_WARN_EMPTY_BODY = YES;
				CLANG_WARN_ENUM_CONVERSION = YES;
				CLANG_WARN_INFINITE_RECURSION = YES;
				CLANG_WARN_INT_CONVERSION = YES;
				CLANG_WARN_NON_LITERAL_NULL_CONVERSION = YES;
				CLANG_WARN_OBJC_IMPLICIT_RETAIN_SELF = YES;
				CLANG_WARN_OBJC_LITERAL_CONVERSION = YES;
				CLANG_WARN_OBJC_ROOT_CLASS = YES_ERROR;
				CLANG_WARN_QUOTED_INCLUDE_IN_FRAMEWORK_HEADER = YES;
				CLANG_WARN_RANGE_LOOP_ANALYSIS = YES;
				CLANG_WARN_STRICT_PROTOTYPES = YES;
				CLANG_WARN_SUSPICIOUS_MOVE = YES;
				CLANG_WARN_UNGUARDED_AVAILABILITY = YES_AGGRESSIVE;
				CLANG_WARN_UNREACHABLE_CODE = YES;
				CLANG_WARN__DUPLICATE_METHOD_MATCH = YES;
				COPY_PHASE_STRIP = NO;
				DEBUG_INFORMATION_FORMAT = "dwarf-with-dsym";
				ENABLE_NS_ASSERTIONS = NO;
				ENABLE_STRICT_OBJC_MSGSEND = YES;
				GCC_C_LANGUAGE_STANDARD = gnu11;
				GCC_NO_COMMON_BLOCKS = YES;
				GCC_WARN_64_TO_32_BIT_CONVERSION = YES;
				GCC_WARN_ABOUT_RETURN_TYPE = YES_ERROR;
				GCC_WARN_UNDECLARED_SELECTOR = YES;
				GCC_WARN_UNINITIALIZED_AUTOS = YES_AGGRESSIVE;
				GCC_WARN_UNUSED_FUNCTION = YES;
				GCC_WARN_UNUSED_VARIABLE = YES;
				IPHONEOS_DEPLOYMENT_TARGET = 16.4;
				MTL_ENABLE_DEBUG_INFO = NO;
				MTL_FAST_MATH = YES;
				SDKROOT = iphoneos;
				SWIFT_COMPILATION_MODE = wholemodule;
				SWIFT_OPTIMIZATION_LEVEL = "-O";
				VALIDATE_PRODUCT = YES;
			};
			name = Release;
		};
		790F6CE82A5191230088DFD5 /* Debug */ = {
			isa = XCBuildConfiguration;
			buildSettings = {
				ASSETCATALOG_COMPILER_APPICON_NAME = AppIcon;
				ASSETCATALOG_COMPILER_GLOBAL_ACCENT_COLOR_NAME = AccentColor;
				CODE_SIGN_STYLE = Automatic;
				CURRENT_PROJECT_VERSION = 1;
				DEVELOPMENT_TEAM = VNU8KKW4GG;
				GENERATE_INFOPLIST_FILE = YES;
				INFOPLIST_FILE = AuthenificatorApp/Info.plist;
				INFOPLIST_KEY_UIApplicationSupportsIndirectInputEvents = YES;
				INFOPLIST_KEY_UILaunchStoryboardName = LaunchScreen;
				INFOPLIST_KEY_UISupportedInterfaceOrientations = UIInterfaceOrientationPortrait;
				INFOPLIST_KEY_UISupportedInterfaceOrientations_iPad = "UIInterfaceOrientationLandscapeLeft UIInterfaceOrientationLandscapeRight UIInterfaceOrientationPortrait UIInterfaceOrientationPortraitUpsideDown";
				LD_RUNPATH_SEARCH_PATHS = (
					"$(inherited)",
					"@executable_path/Frameworks",
				);
				MARKETING_VERSION = 1.0;
				PRODUCT_BUNDLE_IDENTIFIER = ua.edu.ukma.litvinchuk.AuthenificatorApp;
				PRODUCT_NAME = "$(TARGET_NAME)";
				SWIFT_EMIT_LOC_STRINGS = YES;
				SWIFT_VERSION = 5.0;
				TARGETED_DEVICE_FAMILY = "1,2";
			};
			name = Debug;
		};
		790F6CE92A5191230088DFD5 /* Release */ = {
			isa = XCBuildConfiguration;
			buildSettings = {
				ASSETCATALOG_COMPILER_APPICON_NAME = AppIcon;
				ASSETCATALOG_COMPILER_GLOBAL_ACCENT_COLOR_NAME = AccentColor;
				CODE_SIGN_STYLE = Automatic;
				CURRENT_PROJECT_VERSION = 1;
				DEVELOPMENT_TEAM = VNU8KKW4GG;
				GENERATE_INFOPLIST_FILE = YES;
				INFOPLIST_FILE = AuthenificatorApp/Info.plist;
				INFOPLIST_KEY_UIApplicationSupportsIndirectInputEvents = YES;
				INFOPLIST_KEY_UILaunchStoryboardName = LaunchScreen;
				INFOPLIST_KEY_UISupportedInterfaceOrientations = UIInterfaceOrientationPortrait;
				INFOPLIST_KEY_UISupportedInterfaceOrientations_iPad = "UIInterfaceOrientationLandscapeLeft UIInterfaceOrientationLandscapeRight UIInterfaceOrientationPortrait UIInterfaceOrientationPortraitUpsideDown";
				LD_RUNPATH_SEARCH_PATHS = (
					"$(inherited)",
					"@executable_path/Frameworks",
				);
				MARKETING_VERSION = 1.0;
				PRODUCT_BUNDLE_IDENTIFIER = ua.edu.ukma.litvinchuk.AuthenificatorApp;
				PRODUCT_NAME = "$(TARGET_NAME)";
				SWIFT_EMIT_LOC_STRINGS = YES;
				SWIFT_VERSION = 5.0;
				TARGETED_DEVICE_FAMILY = "1,2";
			};
			name = Release;
		};
/* End XCBuildConfiguration section */

/* Begin XCConfigurationList section */
		790F6CCE2A5191210088DFD5 /* Build configuration list for PBXProject "AuthenificatorApp" */ = {
			isa = XCConfigurationList;
			buildConfigurations = (
				790F6CE52A5191230088DFD5 /* Debug */,
				790F6CE62A5191230088DFD5 /* Release */,
			);
			defaultConfigurationIsVisible = 0;
			defaultConfigurationName = Release;
		};
		790F6CE72A5191230088DFD5 /* Build configuration list for PBXNativeTarget "AuthenificatorApp" */ = {
			isa = XCConfigurationList;
			buildConfigurations = (
				790F6CE82A5191230088DFD5 /* Debug */,
				790F6CE92A5191230088DFD5 /* Release */,
			);
			defaultConfigurationIsVisible = 0;
			defaultConfigurationName = Release;
		};
/* End XCConfigurationList section */
	};
	rootObject = 790F6CCB2A5191210088DFD5 /* Project object */;
}
